
Microsoft Visual Studio Solution File, Format Version 12.00
# Visual Studio Version 17
VisualStudioVersion = 17.8.34525.116
MinimumVisualStudioVersion = 10.0.40219.1
Project("{FAE04EC0-301F-11D3-BF4B-00C04F79EFBC}") = "Ejercicio3EstructuraCondicional", "Ejercicio3EstructuraCondicional\Ejercicio3EstructuraCondicional.csproj", "{57F82767-35D2-4572-B033-511BDD2DDEAF}"
EndProject
Global
	GlobalSection(SolutionConfigurationPlatforms) = preSolution
		Debug|Any CPU = Debug|Any CPU
		Release|Any CPU = Release|Any CPU
	EndGlobalSection
	GlobalSection(ProjectConfigurationPlatforms) = postSolution
		{57F82767-35D2-4572-B033-511BDD2DDEAF}.Debug|Any CPU.ActiveCfg = Debug|Any CPU
		{57F82767-35D2-4572-B033-511BDD2DDEAF}.Debug|Any CPU.Build.0 = Debug|Any CPU
		{57F82767-35D2-4572-B033-511BDD2DDEAF}.Release|Any CPU.ActiveCfg = Release|Any CPU
		{57F82767-35D2-4572-B033-511BDD2DDEAF}.Release|Any CPU.Build.0 = Release|Any CPU
	EndGlobalSection
	GlobalSection(SolutionProperties) = preSolution
		HideSolutionNode = FALSE
	EndGlobalSection
	GlobalSection(ExtensibilityGlobals) = postSolution
		SolutionGuid = {AEFB0C51-F77A-499A-A13F-587FC56CD506}
	EndGlobalSection
EndGlobal
